// !$*UTF8*$!
{
	archiveVersion = 1;
	classes = {
	};
	objectVersion = 46;
	objects = {

/* Begin PBXBuildFile section */
		A4269D5C1DCE2A1B0010A4EB /* main.m in Sources */ = {isa = PBXBuildFile; fileRef = A4269D5B1DCE2A1B0010A4EB /* main.m */; };
		A4269D5F1DCE2A1B0010A4EB /* AppDelegate.m in Sources */ = {isa = PBXBuildFile; fileRef = A4269D5E1DCE2A1B0010A4EB /* AppDelegate.m */; };
		A4269D621DCE2A1B0010A4EB /* ViewController.m in Sources */ = {isa = PBXBuildFile; fileRef = A4269D611DCE2A1B0010A4EB /* ViewController.m */; };
		A4269D651DCE2A1B0010A4EB /* Main.storyboard in Resources */ = {isa = PBXBuildFile; fileRef = A4269D631DCE2A1B0010A4EB /* Main.storyboard */; };
		A4269D671DCE2A1B0010A4EB /* Assets.xcassets in Resources */ = {isa = PBXBuildFile; fileRef = A4269D661DCE2A1B0010A4EB /* Assets.xcassets */; };
		A4269D6A1DCE2A1B0010A4EB /* LaunchScreen.storyboard in Resources */ = {isa = PBXBuildFile; fileRef = A4269D681DCE2A1B0010A4EB /* LaunchScreen.storyboard */; };
		A4269D971DCE2A390010A4EB /* AWAVCapture.m in Sources */ = {isa = PBXBuildFile; fileRef = A4269D741DCE2A390010A4EB /* AWAVCapture.m */; };
		A4269D981DCE2A390010A4EB /* AWAVConfig.m in Sources */ = {isa = PBXBuildFile; fileRef = A4269D761DCE2A390010A4EB /* AWAVConfig.m */; };
		A4269D9A1DCE2A390010A4EB /* AWSystemAVCapture.m in Sources */ = {isa = PBXBuildFile; fileRef = A4269D7A1DCE2A390010A4EB /* AWSystemAVCapture.m */; };
		A4269D9B1DCE2A390010A4EB /* AWEncoderManager.m in Sources */ = {isa = PBXBuildFile; fileRef = A4269D7D1DCE2A390010A4EB /* AWEncoderManager.m */; };
		A4269D9C1DCE2A390010A4EB /* AWAudioEncoder.m in Sources */ = {isa = PBXBuildFile; fileRef = A4269D801DCE2A390010A4EB /* AWAudioEncoder.m */; };
		A4269D9D1DCE2A390010A4EB /* AWEncoder.m in Sources */ = {isa = PBXBuildFile; fileRef = A4269D821DCE2A390010A4EB /* AWEncoder.m */; };
		A4269D9E1DCE2A390010A4EB /* AWVideoEncoder.m in Sources */ = {isa = PBXBuildFile; fileRef = A4269D841DCE2A390010A4EB /* AWVideoEncoder.m */; };
		A4269D9F1DCE2A390010A4EB /* AWHWAACEncoder.m in Sources */ = {isa = PBXBuildFile; fileRef = A4269D871DCE2A390010A4EB /* AWHWAACEncoder.m */; };
		A4269DA01DCE2A390010A4EB /* AWHWH264Encoder.m in Sources */ = {isa = PBXBuildFile; fileRef = A4269D891DCE2A390010A4EB /* AWHWH264Encoder.m */; };
		A4269DA11DCE2A390010A4EB /* AWSWFaacEncoder.m in Sources */ = {isa = PBXBuildFile; fileRef = A4269D8C1DCE2A390010A4EB /* AWSWFaacEncoder.m */; };
		A4269DA21DCE2A390010A4EB /* AWSWX264Encoder.m in Sources */ = {isa = PBXBuildFile; fileRef = A4269D8E1DCE2A390010A4EB /* AWSWX264Encoder.m */; };
		A4269DA51DCE2A390010A4EB /* TestAVCapture.m in Sources */ = {isa = PBXBuildFile; fileRef = A4269D961DCE2A390010A4EB /* TestAVCapture.m */; };
		A4269F761DCE2A8D0010A4EB /* libfaac.a in Frameworks */ = {isa = PBXBuildFile; fileRef = A4269DAD1DCE2A8C0010A4EB /* libfaac.a */; };
		A4269F771DCE2A8E0010A4EB /* librtmp.a in Frameworks */ = {isa = PBXBuildFile; fileRef = A4269DB51DCE2A8C0010A4EB /* librtmp.a */; };
		A4269F781DCE2A8E0010A4EB /* libx264.a in Frameworks */ = {isa = PBXBuildFile; fileRef = A4269DBB1DCE2A8C0010A4EB /* libx264.a */; };
		A4269F791DCE2A8E0010A4EB /* libyuv.a in Frameworks */ = {isa = PBXBuildFile; fileRef = A4269DD31DCE2A8C0010A4EB /* libyuv.a */; };
		A4269F7A1DCE2A8E0010A4EB /* aw_alloc.c in Sources */ = {isa = PBXBuildFile; fileRef = A4269DD71DCE2A8C0010A4EB /* aw_alloc.c */; };
		A4269F7B1DCE2A8E0010A4EB /* aw_array.c in Sources */ = {isa = PBXBuildFile; fileRef = A4269DD91DCE2A8C0010A4EB /* aw_array.c */; };
		A4269F7C1DCE2A8E0010A4EB /* aw_data.c in Sources */ = {isa = PBXBuildFile; fileRef = A4269DDC1DCE2A8C0010A4EB /* aw_data.c */; };
		A4269F7D1DCE2A8E0010A4EB /* aw_dict.c in Sources */ = {isa = PBXBuildFile; fileRef = A4269DDE1DCE2A8C0010A4EB /* aw_dict.c */; };
		A4269F7E1DCE2A8E0010A4EB /* aw_file.c in Sources */ = {isa = PBXBuildFile; fileRef = A4269DE01DCE2A8C0010A4EB /* aw_file.c */; };
		A4269F7F1DCE2A8E0010A4EB /* aw_rtmp.c in Sources */ = {isa = PBXBuildFile; fileRef = A4269DE21DCE2A8C0010A4EB /* aw_rtmp.c */; };
		A4269F801DCE2A8E0010A4EB /* aw_thread_poll.c in Sources */ = {isa = PBXBuildFile; fileRef = A4269DE41DCE2A8C0010A4EB /* aw_thread_poll.c */; };
		A4269F811DCE2A8E0010A4EB /* aw_faac.c in Sources */ = {isa = PBXBuildFile; fileRef = A4269DE91DCE2A8C0010A4EB /* aw_faac.c */; };
		A4269F821DCE2A8E0010A4EB /* aw_sw_faac_encoder.c in Sources */ = {isa = PBXBuildFile; fileRef = A4269DEB1DCE2A8C0010A4EB /* aw_sw_faac_encoder.c */; };
		A4269F831DCE2A8E0010A4EB /* aw_sw_x264_encoder.c in Sources */ = {isa = PBXBuildFile; fileRef = A4269DED1DCE2A8C0010A4EB /* aw_sw_x264_encoder.c */; };
		A4269F841DCE2A8E0010A4EB /* aw_x264.c in Sources */ = {isa = PBXBuildFile; fileRef = A4269DEF1DCE2A8C0010A4EB /* aw_x264.c */; };
		A4269F851DCE2A8E0010A4EB /* aw_encode_flv.c in Sources */ = {isa = PBXBuildFile; fileRef = A4269DF21DCE2A8C0010A4EB /* aw_encode_flv.c */; };
		A4269F861DCE2A8E0010A4EB /* aw_streamer.c in Sources */ = {isa = PBXBuildFile; fileRef = A4269DF51DCE2A8C0010A4EB /* aw_streamer.c */; };
		A426A0621DCF71660010A4EB /* AWAVCaptureManager.m in Sources */ = {isa = PBXBuildFile; fileRef = A426A0611DCF71660010A4EB /* AWAVCaptureManager.m */; };
		A461BE391DE826D500F18219 /* camera_switch.png in Resources */ = {isa = PBXBuildFile; fileRef = A461BE381DE826D500F18219 /* camera_switch.png */; };
		C81C5DC91E5ACC82002935E3 /* LKMP4Encoder.cpp in Sources */ = {isa = PBXBuildFile; fileRef = C81C5DC71E5ACC82002935E3 /* LKMP4Encoder.cpp */; };
		C81C5DDC1E5ADB3A002935E3 /* libmp4v2.a in Frameworks */ = {isa = PBXBuildFile; fileRef = C81C5DDB1E5ADB3A002935E3 /* libmp4v2.a */; };
		C81C5DDD1E5ADB44002935E3 /* libmp4v2.a in Frameworks */ = {isa = PBXBuildFile; fileRef = C81C5DDB1E5ADB3A002935E3 /* libmp4v2.a */; };
		C81C5DEC1E5ADE16002935E3 /* LKMP4Encoder.cpp in Sources */ = {isa = PBXBuildFile; fileRef = C81C5DC71E5ACC82002935E3 /* LKMP4Encoder.cpp */; };
		C81C5DED1E5ADE21002935E3 /* LKMP4Encoder.h in Headers */ = {isa = PBXBuildFile; fileRef = C81C5DC81E5ACC82002935E3 /* LKMP4Encoder.h */; settings = {ATTRIBUTES = (Public, ); }; };
		C81C5DFD1E5ADE6F002935E3 /* mp4v2 in Resources */ = {isa = PBXBuildFile; fileRef = C81C5DFC1E5ADE6F002935E3 /* mp4v2 */; };
		C81C5DFE1E5ADEDD002935E3 /* mp4v2 in Headers */ = {isa = PBXBuildFile; fileRef = C81C5DFC1E5ADE6F002935E3 /* mp4v2 */; settings = {ATTRIBUTES = (Public, ); }; };
		C892B4101E56D86800556019 /* AWMedia.h in Headers */ = {isa = PBXBuildFile; fileRef = C892B40E1E56D86800556019 /* AWMedia.h */; settings = {ATTRIBUTES = (Public, ); }; };
		C892B4131E56D86800556019 /* AWMedia.framework in Frameworks */ = {isa = PBXBuildFile; fileRef = C892B40C1E56D86800556019 /* AWMedia.framework */; };
		C892B4141E56D86800556019 /* AWMedia.framework in Embed Frameworks */ = {isa = PBXBuildFile; fileRef = C892B40C1E56D86800556019 /* AWMedia.framework */; settings = {ATTRIBUTES = (CodeSignOnCopy, RemoveHeadersOnCopy, ); }; };
		C892B4181E56D9AB00556019 /* libfaac.a in Frameworks */ = {isa = PBXBuildFile; fileRef = A4269DAD1DCE2A8C0010A4EB /* libfaac.a */; };
		C892B4191E56D9B000556019 /* librtmp.a in Frameworks */ = {isa = PBXBuildFile; fileRef = A4269DB51DCE2A8C0010A4EB /* librtmp.a */; };
		C892B41A1E56D9B400556019 /* libx264.a in Frameworks */ = {isa = PBXBuildFile; fileRef = A4269DBB1DCE2A8C0010A4EB /* libx264.a */; };
		C892B41B1E56D9B800556019 /* libyuv.a in Frameworks */ = {isa = PBXBuildFile; fileRef = A4269DD31DCE2A8C0010A4EB /* libyuv.a */; };
		C892B41C1E56D9D900556019 /* aw_alloc.c in Sources */ = {isa = PBXBuildFile; fileRef = A4269DD71DCE2A8C0010A4EB /* aw_alloc.c */; };
		C892B41D1E56D9D900556019 /* aw_array.c in Sources */ = {isa = PBXBuildFile; fileRef = A4269DD91DCE2A8C0010A4EB /* aw_array.c */; };
		C892B41E1E56D9D900556019 /* aw_data.c in Sources */ = {isa = PBXBuildFile; fileRef = A4269DDC1DCE2A8C0010A4EB /* aw_data.c */; };
		C892B41F1E56D9D900556019 /* aw_dict.c in Sources */ = {isa = PBXBuildFile; fileRef = A4269DDE1DCE2A8C0010A4EB /* aw_dict.c */; };
		C892B4201E56D9D900556019 /* aw_file.c in Sources */ = {isa = PBXBuildFile; fileRef = A4269DE01DCE2A8C0010A4EB /* aw_file.c */; };
		C892B4211E56D9D900556019 /* aw_rtmp.c in Sources */ = {isa = PBXBuildFile; fileRef = A4269DE21DCE2A8C0010A4EB /* aw_rtmp.c */; };
		C892B4221E56D9D900556019 /* aw_thread_poll.c in Sources */ = {isa = PBXBuildFile; fileRef = A4269DE41DCE2A8C0010A4EB /* aw_thread_poll.c */; };
		C892B4231E56D9E900556019 /* aw_faac.c in Sources */ = {isa = PBXBuildFile; fileRef = A4269DE91DCE2A8C0010A4EB /* aw_faac.c */; };
		C892B4241E56D9E900556019 /* aw_sw_faac_encoder.c in Sources */ = {isa = PBXBuildFile; fileRef = A4269DEB1DCE2A8C0010A4EB /* aw_sw_faac_encoder.c */; };
		C892B4251E56D9E900556019 /* aw_sw_x264_encoder.c in Sources */ = {isa = PBXBuildFile; fileRef = A4269DED1DCE2A8C0010A4EB /* aw_sw_x264_encoder.c */; };
		C892B4261E56D9E900556019 /* aw_x264.c in Sources */ = {isa = PBXBuildFile; fileRef = A4269DEF1DCE2A8C0010A4EB /* aw_x264.c */; };
		C892B4271E56D9F100556019 /* aw_encode_flv.c in Sources */ = {isa = PBXBuildFile; fileRef = A4269DF21DCE2A8C0010A4EB /* aw_encode_flv.c */; };
		C892B4281E56D9F400556019 /* aw_streamer.c in Sources */ = {isa = PBXBuildFile; fileRef = A4269DF51DCE2A8C0010A4EB /* aw_streamer.c */; };
		C892B4291E56DA5F00556019 /* AWEncoderManager.m in Sources */ = {isa = PBXBuildFile; fileRef = A4269D7D1DCE2A390010A4EB /* AWEncoderManager.m */; };
		C892B42A1E56DA6500556019 /* AWAudioEncoder.m in Sources */ = {isa = PBXBuildFile; fileRef = A4269D801DCE2A390010A4EB /* AWAudioEncoder.m */; };
		C892B42B1E56DA6D00556019 /* AWEncoder.m in Sources */ = {isa = PBXBuildFile; fileRef = A4269D821DCE2A390010A4EB /* AWEncoder.m */; };
		C892B42C1E56DA7000556019 /* AWVideoEncoder.m in Sources */ = {isa = PBXBuildFile; fileRef = A4269D841DCE2A390010A4EB /* AWVideoEncoder.m */; };
		C892B42D1E56DA7400556019 /* AWHWAACEncoder.m in Sources */ = {isa = PBXBuildFile; fileRef = A4269D871DCE2A390010A4EB /* AWHWAACEncoder.m */; };
		C892B42E1E56DA7600556019 /* AWHWH264Encoder.m in Sources */ = {isa = PBXBuildFile; fileRef = A4269D891DCE2A390010A4EB /* AWHWH264Encoder.m */; };
		C892B42F1E56DA7A00556019 /* AWSWFaacEncoder.m in Sources */ = {isa = PBXBuildFile; fileRef = A4269D8C1DCE2A390010A4EB /* AWSWFaacEncoder.m */; };
		C892B4301E56DA7C00556019 /* AWSWX264Encoder.m in Sources */ = {isa = PBXBuildFile; fileRef = A4269D8E1DCE2A390010A4EB /* AWSWX264Encoder.m */; };
		C892B4661E59D59C00556019 /* LKAudioEncoder.cpp in Sources */ = {isa = PBXBuildFile; fileRef = C892B4611E59D59C00556019 /* LKAudioEncoder.cpp */; };
		C892B4671E59D59C00556019 /* LKVideoEncoder.cpp in Sources */ = {isa = PBXBuildFile; fileRef = C892B4641E59D59C00556019 /* LKVideoEncoder.cpp */; };
		C892B46D1E59D70700556019 /* LKHWAACEncoder.mm in Sources */ = {isa = PBXBuildFile; fileRef = C892B46A1E59D70700556019 /* LKHWAACEncoder.mm */; };
		C892B46E1E59D70700556019 /* LKHWH264Encoder.mm in Sources */ = {isa = PBXBuildFile; fileRef = C892B46C1E59D70700556019 /* LKHWH264Encoder.mm */; };
		C892B46F1E59F69F00556019 /* faac.h in Headers */ = {isa = PBXBuildFile; fileRef = A4269DAA1DCE2A8C0010A4EB /* faac.h */; settings = {ATTRIBUTES = (Public, ); }; };
		C892B4701E59F6A000556019 /* faaccfg.h in Headers */ = {isa = PBXBuildFile; fileRef = A4269DAB1DCE2A8C0010A4EB /* faaccfg.h */; settings = {ATTRIBUTES = (Public, ); }; };
		C892B4711E59F6A300556019 /* amf.h in Headers */ = {isa = PBXBuildFile; fileRef = A4269DB01DCE2A8C0010A4EB /* amf.h */; settings = {ATTRIBUTES = (Public, ); }; };
		C892B4721E59F6AA00556019 /* http.h in Headers */ = {isa = PBXBuildFile; fileRef = A4269DB11DCE2A8C0010A4EB /* http.h */; settings = {ATTRIBUTES = (Public, ); }; };
		C892B4731E59F6AB00556019 /* log.h in Headers */ = {isa = PBXBuildFile; fileRef = A4269DB21DCE2A8C0010A4EB /* log.h */; settings = {ATTRIBUTES = (Public, ); }; };
		C892B4741E59F6AD00556019 /* rtmp.h in Headers */ = {isa = PBXBuildFile; fileRef = A4269DB31DCE2A8C0010A4EB /* rtmp.h */; settings = {ATTRIBUTES = (Public, ); }; };
		C892B4751E59F6B100556019 /* x264.h in Headers */ = {isa = PBXBuildFile; fileRef = A4269DB81DCE2A8C0010A4EB /* x264.h */; settings = {ATTRIBUTES = (Public, ); }; };
		C892B4761E59F6B200556019 /* x264_config.h in Headers */ = {isa = PBXBuildFile; fileRef = A4269DB91DCE2A8C0010A4EB /* x264_config.h */; settings = {ATTRIBUTES = (Public, ); }; };
		C892B4771E59F6B600556019 /* libyuv.h in Headers */ = {isa = PBXBuildFile; fileRef = A4269DD11DCE2A8C0010A4EB /* libyuv.h */; settings = {ATTRIBUTES = (Public, ); }; };
		C892B4781E59F6BD00556019 /* aw_all.h in Headers */ = {isa = PBXBuildFile; fileRef = A4269DD51DCE2A8C0010A4EB /* aw_all.h */; settings = {ATTRIBUTES = (Public, ); }; };
		C892B4791E59F6C000556019 /* aw_alloc.h in Headers */ = {isa = PBXBuildFile; fileRef = A4269DD81DCE2A8C0010A4EB /* aw_alloc.h */; settings = {ATTRIBUTES = (Public, ); }; };
		C892B47A1E59F6C100556019 /* aw_array.h in Headers */ = {isa = PBXBuildFile; fileRef = A4269DDA1DCE2A8C0010A4EB /* aw_array.h */; settings = {ATTRIBUTES = (Public, ); }; };
		C892B47B1E59F6C300556019 /* aw_common.h in Headers */ = {isa = PBXBuildFile; fileRef = A4269DDB1DCE2A8C0010A4EB /* aw_common.h */; settings = {ATTRIBUTES = (Public, ); }; };
		C892B47C1E59F6C500556019 /* aw_data.h in Headers */ = {isa = PBXBuildFile; fileRef = A4269DDD1DCE2A8C0010A4EB /* aw_data.h */; settings = {ATTRIBUTES = (Public, ); }; };
		C892B47D1E59F6C600556019 /* aw_dict.h in Headers */ = {isa = PBXBuildFile; fileRef = A4269DDF1DCE2A8C0010A4EB /* aw_dict.h */; settings = {ATTRIBUTES = (Public, ); }; };
		C892B47E1E59F6C700556019 /* aw_file.h in Headers */ = {isa = PBXBuildFile; fileRef = A4269DE11DCE2A8C0010A4EB /* aw_file.h */; settings = {ATTRIBUTES = (Public, ); }; };
		C892B47F1E59F6C800556019 /* aw_rtmp.h in Headers */ = {isa = PBXBuildFile; fileRef = A4269DE31DCE2A8C0010A4EB /* aw_rtmp.h */; settings = {ATTRIBUTES = (Public, ); }; };
		C892B4801E59F6CA00556019 /* aw_thread_poll.h in Headers */ = {isa = PBXBuildFile; fileRef = A4269DE51DCE2A8C0010A4EB /* aw_thread_poll.h */; settings = {ATTRIBUTES = (Public, ); }; };
		C892B4811E59F6CB00556019 /* aw_utils.h in Headers */ = {isa = PBXBuildFile; fileRef = A4269DE61DCE2A8C0010A4EB /* aw_utils.h */; settings = {ATTRIBUTES = (Public, ); }; };
		C892B4821E59F6CE00556019 /* aw_faac.h in Headers */ = {isa = PBXBuildFile; fileRef = A4269DEA1DCE2A8C0010A4EB /* aw_faac.h */; settings = {ATTRIBUTES = (Public, ); }; };
		C892B4831E59F6D000556019 /* aw_sw_faac_encoder.h in Headers */ = {isa = PBXBuildFile; fileRef = A4269DEC1DCE2A8C0010A4EB /* aw_sw_faac_encoder.h */; settings = {ATTRIBUTES = (Public, ); }; };
		C892B4841E59F6D100556019 /* aw_sw_x264_encoder.h in Headers */ = {isa = PBXBuildFile; fileRef = A4269DEE1DCE2A8C0010A4EB /* aw_sw_x264_encoder.h */; settings = {ATTRIBUTES = (Public, ); }; };
		C892B4851E59F6D300556019 /* aw_x264.h in Headers */ = {isa = PBXBuildFile; fileRef = A4269DF01DCE2A8C0010A4EB /* aw_x264.h */; settings = {ATTRIBUTES = (Public, ); }; };
		C892B4861E59F6D500556019 /* aw_encode_flv.h in Headers */ = {isa = PBXBuildFile; fileRef = A4269DF31DCE2A8C0010A4EB /* aw_encode_flv.h */; settings = {ATTRIBUTES = (Public, ); }; };
		C892B4871E59F6D700556019 /* aw_streamer.h in Headers */ = {isa = PBXBuildFile; fileRef = A4269DF61DCE2A8C0010A4EB /* aw_streamer.h */; settings = {ATTRIBUTES = (Public, ); }; };
		C892B4881E59F6DD00556019 /* LKAudioEncoder.h in Headers */ = {isa = PBXBuildFile; fileRef = C892B4621E59D59C00556019 /* LKAudioEncoder.h */; settings = {ATTRIBUTES = (Public, ); }; };
		C892B4891E59F6DE00556019 /* LKEncoder.h in Headers */ = {isa = PBXBuildFile; fileRef = C892B4631E59D59C00556019 /* LKEncoder.h */; settings = {ATTRIBUTES = (Public, ); }; };
		C892B48A1E59F6E000556019 /* LKVideoEncoder.h in Headers */ = {isa = PBXBuildFile; fileRef = C892B4651E59D59C00556019 /* LKVideoEncoder.h */; settings = {ATTRIBUTES = (Public, ); }; };
		C892B48B1E59F6E200556019 /* LKHWAACEncoder.h in Headers */ = {isa = PBXBuildFile; fileRef = C892B4691E59D70700556019 /* LKHWAACEncoder.h */; settings = {ATTRIBUTES = (Public, ); }; };
		C892B48C1E59F6E400556019 /* LKHWH264Encoder.h in Headers */ = {isa = PBXBuildFile; fileRef = C892B46B1E59D70700556019 /* LKHWH264Encoder.h */; settings = {ATTRIBUTES = (Public, ); }; };
		C892B4BE1E59FB1700556019 /* bs_type.h in Headers */ = {isa = PBXBuildFile; fileRef = C892B4681E59D6A200556019 /* bs_type.h */; settings = {ATTRIBUTES = (Public, ); }; };
		C892B4C01E59FCED00556019 /* LKHWAACEncoder.mm in Sources */ = {isa = PBXBuildFile; fileRef = C892B46A1E59D70700556019 /* LKHWAACEncoder.mm */; };
		C892B4C11E59FCF000556019 /* LKHWH264Encoder.mm in Sources */ = {isa = PBXBuildFile; fileRef = C892B46C1E59D70700556019 /* LKHWH264Encoder.mm */; };
		C892B4C21E59FCF300556019 /* LKVideoEncoder.cpp in Sources */ = {isa = PBXBuildFile; fileRef = C892B4641E59D59C00556019 /* LKVideoEncoder.cpp */; };
		C892B4C31E59FCF600556019 /* LKAudioEncoder.cpp in Sources */ = {isa = PBXBuildFile; fileRef = C892B4611E59D59C00556019 /* LKAudioEncoder.cpp */; };
/* End PBXBuildFile section */

/* Begin PBXContainerItemProxy section */
		C892B4111E56D86800556019 /* PBXContainerItemProxy */ = {
			isa = PBXContainerItemProxy;
			containerPortal = A4269D4F1DCE2A1B0010A4EB /* Project object */;
			proxyType = 1;
			remoteGlobalIDString = C892B40B1E56D86800556019;
			remoteInfo = AWMedia;
		};
/* End PBXContainerItemProxy section */

/* Begin PBXCopyFilesBuildPhase section */
		A426A05C1DCE2D400010A4EB /* Embed Frameworks */ = {
			isa = PBXCopyFilesBuildPhase;
			buildActionMask = 2147483647;
			dstPath = "";
			dstSubfolderSpec = 10;
			files = (
				C892B4141E56D86800556019 /* AWMedia.framework in Embed Frameworks */,
			);
			name = "Embed Frameworks";
			runOnlyForDeploymentPostprocessing = 0;
		};
/* End PBXCopyFilesBuildPhase section */

/* Begin PBXFileReference section */
		A4269D571DCE2A1B0010A4EB /* AWLive.app */ = {isa = PBXFileReference; explicitFileType = wrapper.application; includeInIndex = 0; path = AWLive.app; sourceTree = BUILT_PRODUCTS_DIR; };
		A4269D5B1DCE2A1B0010A4EB /* main.m */ = {isa = PBXFileReference; lastKnownFileType = sourcecode.c.objc; path = main.m; sourceTree = "<group>"; };
		A4269D5D1DCE2A1B0010A4EB /* AppDelegate.h */ = {isa = PBXFileReference; lastKnownFileType = sourcecode.c.h; path = AppDelegate.h; sourceTree = "<group>"; };
		A4269D5E1DCE2A1B0010A4EB /* AppDelegate.m */ = {isa = PBXFileReference; lastKnownFileType = sourcecode.c.objc; path = AppDelegate.m; sourceTree = "<group>"; };
		A4269D601DCE2A1B0010A4EB /* ViewController.h */ = {isa = PBXFileReference; lastKnownFileType = sourcecode.c.h; path = ViewController.h; sourceTree = "<group>"; };
		A4269D611DCE2A1B0010A4EB /* ViewController.m */ = {isa = PBXFileReference; lastKnownFileType = sourcecode.c.objc; path = ViewController.m; sourceTree = "<group>"; };
		A4269D641DCE2A1B0010A4EB /* Base */ = {isa = PBXFileReference; lastKnownFileType = file.storyboard; name = Base; path = Base.lproj/Main.storyboard; sourceTree = "<group>"; };
		A4269D661DCE2A1B0010A4EB /* Assets.xcassets */ = {isa = PBXFileReference; lastKnownFileType = folder.assetcatalog; path = Assets.xcassets; sourceTree = "<group>"; };
		A4269D691DCE2A1B0010A4EB /* Base */ = {isa = PBXFileReference; lastKnownFileType = file.storyboard; name = Base; path = Base.lproj/LaunchScreen.storyboard; sourceTree = "<group>"; };
		A4269D6B1DCE2A1B0010A4EB /* Info.plist */ = {isa = PBXFileReference; lastKnownFileType = text.plist.xml; path = Info.plist; sourceTree = "<group>"; };
		A4269D731DCE2A390010A4EB /* AWAVCapture.h */ = {isa = PBXFileReference; fileEncoding = 4; lastKnownFileType = sourcecode.c.h; path = AWAVCapture.h; sourceTree = "<group>"; };
		A4269D741DCE2A390010A4EB /* AWAVCapture.m */ = {isa = PBXFileReference; fileEncoding = 4; lastKnownFileType = sourcecode.c.objc; path = AWAVCapture.m; sourceTree = "<group>"; };
		A4269D751DCE2A390010A4EB /* AWAVConfig.h */ = {isa = PBXFileReference; fileEncoding = 4; lastKnownFileType = sourcecode.c.h; path = AWAVConfig.h; sourceTree = "<group>"; };
		A4269D761DCE2A390010A4EB /* AWAVConfig.m */ = {isa = PBXFileReference; fileEncoding = 4; lastKnownFileType = sourcecode.c.objc; path = AWAVConfig.m; sourceTree = "<group>"; };
		A4269D791DCE2A390010A4EB /* AWSystemAVCapture.h */ = {isa = PBXFileReference; fileEncoding = 4; lastKnownFileType = sourcecode.c.h; path = AWSystemAVCapture.h; sourceTree = "<group>"; };
		A4269D7A1DCE2A390010A4EB /* AWSystemAVCapture.m */ = {isa = PBXFileReference; fileEncoding = 4; lastKnownFileType = sourcecode.c.objc; path = AWSystemAVCapture.m; sourceTree = "<group>"; };
		A4269D7C1DCE2A390010A4EB /* AWEncoderManager.h */ = {isa = PBXFileReference; fileEncoding = 4; lastKnownFileType = sourcecode.c.h; path = AWEncoderManager.h; sourceTree = "<group>"; };
		A4269D7D1DCE2A390010A4EB /* AWEncoderManager.m */ = {isa = PBXFileReference; fileEncoding = 4; lastKnownFileType = sourcecode.c.objc; path = AWEncoderManager.m; sourceTree = "<group>"; };
		A4269D7F1DCE2A390010A4EB /* AWAudioEncoder.h */ = {isa = PBXFileReference; fileEncoding = 4; lastKnownFileType = sourcecode.c.h; path = AWAudioEncoder.h; sourceTree = "<group>"; };
		A4269D801DCE2A390010A4EB /* AWAudioEncoder.m */ = {isa = PBXFileReference; fileEncoding = 4; lastKnownFileType = sourcecode.c.objc; path = AWAudioEncoder.m; sourceTree = "<group>"; };
		A4269D811DCE2A390010A4EB /* AWEncoder.h */ = {isa = PBXFileReference; fileEncoding = 4; lastKnownFileType = sourcecode.c.h; path = AWEncoder.h; sourceTree = "<group>"; };
		A4269D821DCE2A390010A4EB /* AWEncoder.m */ = {isa = PBXFileReference; fileEncoding = 4; lastKnownFileType = sourcecode.c.objc; path = AWEncoder.m; sourceTree = "<group>"; };
		A4269D831DCE2A390010A4EB /* AWVideoEncoder.h */ = {isa = PBXFileReference; fileEncoding = 4; lastKnownFileType = sourcecode.c.h; path = AWVideoEncoder.h; sourceTree = "<group>"; };
		A4269D841DCE2A390010A4EB /* AWVideoEncoder.m */ = {isa = PBXFileReference; fileEncoding = 4; lastKnownFileType = sourcecode.c.objc; path = AWVideoEncoder.m; sourceTree = "<group>"; };
		A4269D861DCE2A390010A4EB /* AWHWAACEncoder.h */ = {isa = PBXFileReference; fileEncoding = 4; lastKnownFileType = sourcecode.c.h; path = AWHWAACEncoder.h; sourceTree = "<group>"; };
		A4269D871DCE2A390010A4EB /* AWHWAACEncoder.m */ = {isa = PBXFileReference; fileEncoding = 4; lastKnownFileType = sourcecode.c.objc; path = AWHWAACEncoder.m; sourceTree = "<group>"; };
		A4269D881DCE2A390010A4EB /* AWHWH264Encoder.h */ = {isa = PBXFileReference; fileEncoding = 4; lastKnownFileType = sourcecode.c.h; path = AWHWH264Encoder.h; sourceTree = "<group>"; };
		A4269D891DCE2A390010A4EB /* AWHWH264Encoder.m */ = {isa = PBXFileReference; fileEncoding = 4; lastKnownFileType = sourcecode.c.objc; path = AWHWH264Encoder.m; sourceTree = "<group>"; };
		A4269D8B1DCE2A390010A4EB /* AWSWFaacEncoder.h */ = {isa = PBXFileReference; fileEncoding = 4; lastKnownFileType = sourcecode.c.h; path = AWSWFaacEncoder.h; sourceTree = "<group>"; };
		A4269D8C1DCE2A390010A4EB /* AWSWFaacEncoder.m */ = {isa = PBXFileReference; fileEncoding = 4; lastKnownFileType = sourcecode.c.objc; path = AWSWFaacEncoder.m; sourceTree = "<group>"; };
		A4269D8D1DCE2A390010A4EB /* AWSWX264Encoder.h */ = {isa = PBXFileReference; fileEncoding = 4; lastKnownFileType = sourcecode.c.h; path = AWSWX264Encoder.h; sourceTree = "<group>"; };
		A4269D8E1DCE2A390010A4EB /* AWSWX264Encoder.m */ = {isa = PBXFileReference; fileEncoding = 4; lastKnownFileType = sourcecode.c.objc; path = AWSWX264Encoder.m; sourceTree = "<group>"; };
		A4269D951DCE2A390010A4EB /* TestAVCapture.h */ = {isa = PBXFileReference; fileEncoding = 4; lastKnownFileType = sourcecode.c.h; path = TestAVCapture.h; sourceTree = "<group>"; };
		A4269D961DCE2A390010A4EB /* TestAVCapture.m */ = {isa = PBXFileReference; fileEncoding = 4; lastKnownFileType = sourcecode.c.objc; path = TestAVCapture.m; sourceTree = "<group>"; };
		A4269DAA1DCE2A8C0010A4EB /* faac.h */ = {isa = PBXFileReference; fileEncoding = 4; lastKnownFileType = sourcecode.c.h; path = faac.h; sourceTree = "<group>"; };
		A4269DAB1DCE2A8C0010A4EB /* faaccfg.h */ = {isa = PBXFileReference; fileEncoding = 4; lastKnownFileType = sourcecode.c.h; path = faaccfg.h; sourceTree = "<group>"; };
		A4269DAD1DCE2A8C0010A4EB /* libfaac.a */ = {isa = PBXFileReference; lastKnownFileType = archive.ar; path = libfaac.a; sourceTree = "<group>"; };
		A4269DB01DCE2A8C0010A4EB /* amf.h */ = {isa = PBXFileReference; fileEncoding = 4; lastKnownFileType = sourcecode.c.h; path = amf.h; sourceTree = "<group>"; };
		A4269DB11DCE2A8C0010A4EB /* http.h */ = {isa = PBXFileReference; fileEncoding = 4; lastKnownFileType = sourcecode.c.h; path = http.h; sourceTree = "<group>"; };
		A4269DB21DCE2A8C0010A4EB /* log.h */ = {isa = PBXFileReference; fileEncoding = 4; lastKnownFileType = sourcecode.c.h; path = log.h; sourceTree = "<group>"; };
		A4269DB31DCE2A8C0010A4EB /* rtmp.h */ = {isa = PBXFileReference; fileEncoding = 4; lastKnownFileType = sourcecode.c.h; path = rtmp.h; sourceTree = "<group>"; };
		A4269DB51DCE2A8C0010A4EB /* librtmp.a */ = {isa = PBXFileReference; lastKnownFileType = archive.ar; path = librtmp.a; sourceTree = "<group>"; };
		A4269DB81DCE2A8C0010A4EB /* x264.h */ = {isa = PBXFileReference; fileEncoding = 4; lastKnownFileType = sourcecode.c.h; path = x264.h; sourceTree = "<group>"; };
		A4269DB91DCE2A8C0010A4EB /* x264_config.h */ = {isa = PBXFileReference; fileEncoding = 4; lastKnownFileType = sourcecode.c.h; path = x264_config.h; sourceTree = "<group>"; };
		A4269DBB1DCE2A8C0010A4EB /* libx264.a */ = {isa = PBXFileReference; lastKnownFileType = archive.ar; path = libx264.a; sourceTree = "<group>"; };
		A4269DBF1DCE2A8C0010A4EB /* basic_types.h */ = {isa = PBXFileReference; fileEncoding = 4; lastKnownFileType = sourcecode.c.h; path = basic_types.h; sourceTree = "<group>"; };
		A4269DC01DCE2A8C0010A4EB /* compare.h */ = {isa = PBXFileReference; fileEncoding = 4; lastKnownFileType = sourcecode.c.h; path = compare.h; sourceTree = "<group>"; };
		A4269DC11DCE2A8C0010A4EB /* convert.h */ = {isa = PBXFileReference; fileEncoding = 4; lastKnownFileType = sourcecode.c.h; path = convert.h; sourceTree = "<group>"; };
		A4269DC21DCE2A8C0010A4EB /* convert_argb.h */ = {isa = PBXFileReference; fileEncoding = 4; lastKnownFileType = sourcecode.c.h; path = convert_argb.h; sourceTree = "<group>"; };
		A4269DC31DCE2A8C0010A4EB /* convert_from.h */ = {isa = PBXFileReference; fileEncoding = 4; lastKnownFileType = sourcecode.c.h; path = convert_from.h; sourceTree = "<group>"; };
		A4269DC41DCE2A8C0010A4EB /* convert_from_argb.h */ = {isa = PBXFileReference; fileEncoding = 4; lastKnownFileType = sourcecode.c.h; path = convert_from_argb.h; sourceTree = "<group>"; };
		A4269DC51DCE2A8C0010A4EB /* cpu_id.h */ = {isa = PBXFileReference; fileEncoding = 4; lastKnownFileType = sourcecode.c.h; path = cpu_id.h; sourceTree = "<group>"; };
		A4269DC61DCE2A8C0010A4EB /* format_conversion.h */ = {isa = PBXFileReference; fileEncoding = 4; lastKnownFileType = sourcecode.c.h; path = format_conversion.h; sourceTree = "<group>"; };
		A4269DC71DCE2A8C0010A4EB /* mjpeg_decoder.h */ = {isa = PBXFileReference; fileEncoding = 4; lastKnownFileType = sourcecode.c.h; path = mjpeg_decoder.h; sourceTree = "<group>"; };
		A4269DC81DCE2A8C0010A4EB /* planar_functions.h */ = {isa = PBXFileReference; fileEncoding = 4; lastKnownFileType = sourcecode.c.h; path = planar_functions.h; sourceTree = "<group>"; };
		A4269DC91DCE2A8C0010A4EB /* rotate.h */ = {isa = PBXFileReference; fileEncoding = 4; lastKnownFileType = sourcecode.c.h; path = rotate.h; sourceTree = "<group>"; };
		A4269DCA1DCE2A8C0010A4EB /* rotate_argb.h */ = {isa = PBXFileReference; fileEncoding = 4; lastKnownFileType = sourcecode.c.h; path = rotate_argb.h; sourceTree = "<group>"; };
		A4269DCB1DCE2A8C0010A4EB /* row.h */ = {isa = PBXFileReference; fileEncoding = 4; lastKnownFileType = sourcecode.c.h; path = row.h; sourceTree = "<group>"; };
		A4269DCC1DCE2A8C0010A4EB /* scale.h */ = {isa = PBXFileReference; fileEncoding = 4; lastKnownFileType = sourcecode.c.h; path = scale.h; sourceTree = "<group>"; };
		A4269DCD1DCE2A8C0010A4EB /* scale_argb.h */ = {isa = PBXFileReference; fileEncoding = 4; lastKnownFileType = sourcecode.c.h; path = scale_argb.h; sourceTree = "<group>"; };
		A4269DCE1DCE2A8C0010A4EB /* scale_row.h */ = {isa = PBXFileReference; fileEncoding = 4; lastKnownFileType = sourcecode.c.h; path = scale_row.h; sourceTree = "<group>"; };
		A4269DCF1DCE2A8C0010A4EB /* version.h */ = {isa = PBXFileReference; fileEncoding = 4; lastKnownFileType = sourcecode.c.h; path = version.h; sourceTree = "<group>"; };
		A4269DD01DCE2A8C0010A4EB /* video_common.h */ = {isa = PBXFileReference; fileEncoding = 4; lastKnownFileType = sourcecode.c.h; path = video_common.h; sourceTree = "<group>"; };
		A4269DD11DCE2A8C0010A4EB /* libyuv.h */ = {isa = PBXFileReference; fileEncoding = 4; lastKnownFileType = sourcecode.c.h; path = libyuv.h; sourceTree = "<group>"; };
		A4269DD31DCE2A8C0010A4EB /* libyuv.a */ = {isa = PBXFileReference; lastKnownFileType = archive.ar; path = libyuv.a; sourceTree = "<group>"; };
		A4269DD51DCE2A8C0010A4EB /* aw_all.h */ = {isa = PBXFileReference; fileEncoding = 4; lastKnownFileType = sourcecode.c.h; path = aw_all.h; sourceTree = "<group>"; };
		A4269DD71DCE2A8C0010A4EB /* aw_alloc.c */ = {isa = PBXFileReference; fileEncoding = 4; lastKnownFileType = sourcecode.c.c; path = aw_alloc.c; sourceTree = "<group>"; };
		A4269DD81DCE2A8C0010A4EB /* aw_alloc.h */ = {isa = PBXFileReference; fileEncoding = 4; lastKnownFileType = sourcecode.c.h; path = aw_alloc.h; sourceTree = "<group>"; };
		A4269DD91DCE2A8C0010A4EB /* aw_array.c */ = {isa = PBXFileReference; fileEncoding = 4; lastKnownFileType = sourcecode.c.c; path = aw_array.c; sourceTree = "<group>"; };
		A4269DDA1DCE2A8C0010A4EB /* aw_array.h */ = {isa = PBXFileReference; fileEncoding = 4; lastKnownFileType = sourcecode.c.h; path = aw_array.h; sourceTree = "<group>"; };
		A4269DDB1DCE2A8C0010A4EB /* aw_common.h */ = {isa = PBXFileReference; fileEncoding = 4; lastKnownFileType = sourcecode.c.h; path = aw_common.h; sourceTree = "<group>"; };
		A4269DDC1DCE2A8C0010A4EB /* aw_data.c */ = {isa = PBXFileReference; fileEncoding = 4; lastKnownFileType = sourcecode.c.c; path = aw_data.c; sourceTree = "<group>"; };
		A4269DDD1DCE2A8C0010A4EB /* aw_data.h */ = {isa = PBXFileReference; fileEncoding = 4; lastKnownFileType = sourcecode.c.h; path = aw_data.h; sourceTree = "<group>"; };
		A4269DDE1DCE2A8C0010A4EB /* aw_dict.c */ = {isa = PBXFileReference; fileEncoding = 4; lastKnownFileType = sourcecode.c.c; path = aw_dict.c; sourceTree = "<group>"; };
		A4269DDF1DCE2A8C0010A4EB /* aw_dict.h */ = {isa = PBXFileReference; fileEncoding = 4; lastKnownFileType = sourcecode.c.h; path = aw_dict.h; sourceTree = "<group>"; };
		A4269DE01DCE2A8C0010A4EB /* aw_file.c */ = {isa = PBXFileReference; fileEncoding = 4; lastKnownFileType = sourcecode.c.c; path = aw_file.c; sourceTree = "<group>"; };
		A4269DE11DCE2A8C0010A4EB /* aw_file.h */ = {isa = PBXFileReference; fileEncoding = 4; lastKnownFileType = sourcecode.c.h; path = aw_file.h; sourceTree = "<group>"; };
		A4269DE21DCE2A8C0010A4EB /* aw_rtmp.c */ = {isa = PBXFileReference; fileEncoding = 4; lastKnownFileType = sourcecode.c.c; path = aw_rtmp.c; sourceTree = "<group>"; };
		A4269DE31DCE2A8C0010A4EB /* aw_rtmp.h */ = {isa = PBXFileReference; fileEncoding = 4; lastKnownFileType = sourcecode.c.h; path = aw_rtmp.h; sourceTree = "<group>"; };
		A4269DE41DCE2A8C0010A4EB /* aw_thread_poll.c */ = {isa = PBXFileReference; fileEncoding = 4; lastKnownFileType = sourcecode.c.c; path = aw_thread_poll.c; sourceTree = "<group>"; };
		A4269DE51DCE2A8C0010A4EB /* aw_thread_poll.h */ = {isa = PBXFileReference; fileEncoding = 4; lastKnownFileType = sourcecode.c.h; path = aw_thread_poll.h; sourceTree = "<group>"; };
		A4269DE61DCE2A8C0010A4EB /* aw_utils.h */ = {isa = PBXFileReference; fileEncoding = 4; lastKnownFileType = sourcecode.c.h; path = aw_utils.h; sourceTree = "<group>"; };
		A4269DE91DCE2A8C0010A4EB /* aw_faac.c */ = {isa = PBXFileReference; fileEncoding = 4; lastKnownFileType = sourcecode.c.c; path = aw_faac.c; sourceTree = "<group>"; };
		A4269DEA1DCE2A8C0010A4EB /* aw_faac.h */ = {isa = PBXFileReference; fileEncoding = 4; lastKnownFileType = sourcecode.c.h; path = aw_faac.h; sourceTree = "<group>"; };
		A4269DEB1DCE2A8C0010A4EB /* aw_sw_faac_encoder.c */ = {isa = PBXFileReference; fileEncoding = 4; lastKnownFileType = sourcecode.c.c; path = aw_sw_faac_encoder.c; sourceTree = "<group>"; };
		A4269DEC1DCE2A8C0010A4EB /* aw_sw_faac_encoder.h */ = {isa = PBXFileReference; fileEncoding = 4; lastKnownFileType = sourcecode.c.h; path = aw_sw_faac_encoder.h; sourceTree = "<group>"; };
		A4269DED1DCE2A8C0010A4EB /* aw_sw_x264_encoder.c */ = {isa = PBXFileReference; fileEncoding = 4; lastKnownFileType = sourcecode.c.c; path = aw_sw_x264_encoder.c; sourceTree = "<group>"; };
		A4269DEE1DCE2A8C0010A4EB /* aw_sw_x264_encoder.h */ = {isa = PBXFileReference; fileEncoding = 4; lastKnownFileType = sourcecode.c.h; path = aw_sw_x264_encoder.h; sourceTree = "<group>"; };
		A4269DEF1DCE2A8C0010A4EB /* aw_x264.c */ = {isa = PBXFileReference; fileEncoding = 4; lastKnownFileType = sourcecode.c.c; path = aw_x264.c; sourceTree = "<group>"; };
		A4269DF01DCE2A8C0010A4EB /* aw_x264.h */ = {isa = PBXFileReference; fileEncoding = 4; lastKnownFileType = sourcecode.c.h; path = aw_x264.h; sourceTree = "<group>"; };
		A4269DF21DCE2A8C0010A4EB /* aw_encode_flv.c */ = {isa = PBXFileReference; fileEncoding = 4; lastKnownFileType = sourcecode.c.c; path = aw_encode_flv.c; sourceTree = "<group>"; };
		A4269DF31DCE2A8C0010A4EB /* aw_encode_flv.h */ = {isa = PBXFileReference; fileEncoding = 4; lastKnownFileType = sourcecode.c.h; path = aw_encode_flv.h; sourceTree = "<group>"; };
		A4269DF51DCE2A8C0010A4EB /* aw_streamer.c */ = {isa = PBXFileReference; fileEncoding = 4; lastKnownFileType = sourcecode.c.c; path = aw_streamer.c; sourceTree = "<group>"; };
		A4269DF61DCE2A8C0010A4EB /* aw_streamer.h */ = {isa = PBXFileReference; fileEncoding = 4; lastKnownFileType = sourcecode.c.h; path = aw_streamer.h; sourceTree = "<group>"; };
		A426A0601DCF71660010A4EB /* AWAVCaptureManager.h */ = {isa = PBXFileReference; fileEncoding = 4; lastKnownFileType = sourcecode.c.h; path = AWAVCaptureManager.h; sourceTree = "<group>"; };
		A426A0611DCF71660010A4EB /* AWAVCaptureManager.m */ = {isa = PBXFileReference; fileEncoding = 4; lastKnownFileType = sourcecode.c.objc; path = AWAVCaptureManager.m; sourceTree = "<group>"; };
		A461BE381DE826D500F18219 /* camera_switch.png */ = {isa = PBXFileReference; lastKnownFileType = image.png; path = camera_switch.png; sourceTree = "<group>"; };
		C81C5DC71E5ACC82002935E3 /* LKMP4Encoder.cpp */ = {isa = PBXFileReference; fileEncoding = 4; lastKnownFileType = sourcecode.cpp.cpp; name = LKMP4Encoder.cpp; path = LKEncoder/Base/LKMP4Encoder.cpp; sourceTree = "<group>"; };
		C81C5DC81E5ACC82002935E3 /* LKMP4Encoder.h */ = {isa = PBXFileReference; fileEncoding = 4; lastKnownFileType = sourcecode.c.h; name = LKMP4Encoder.h; path = LKEncoder/Base/LKMP4Encoder.h; sourceTree = "<group>"; };
		C81C5DDB1E5ADB3A002935E3 /* libmp4v2.a */ = {isa = PBXFileReference; lastKnownFileType = archive.ar; name = libmp4v2.a; path = libmp4v2/lib/libmp4v2.a; sourceTree = "<group>"; };
		C81C5DFC1E5ADE6F002935E3 /* mp4v2 */ = {isa = PBXFileReference; lastKnownFileType = folder; name = mp4v2; path = libmp4v2/include/mp4v2; sourceTree = "<group>"; };
		C892B40C1E56D86800556019 /* AWMedia.framework */ = {isa = PBXFileReference; explicitFileType = wrapper.framework; includeInIndex = 0; path = AWMedia.framework; sourceTree = BUILT_PRODUCTS_DIR; };
		C892B40E1E56D86800556019 /* AWMedia.h */ = {isa = PBXFileReference; lastKnownFileType = sourcecode.c.h; path = AWMedia.h; sourceTree = "<group>"; };
		C892B40F1E56D86800556019 /* Info.plist */ = {isa = PBXFileReference; lastKnownFileType = text.plist.xml; path = Info.plist; sourceTree = "<group>"; };
		C892B4611E59D59C00556019 /* LKAudioEncoder.cpp */ = {isa = PBXFileReference; fileEncoding = 4; lastKnownFileType = sourcecode.cpp.cpp; name = LKAudioEncoder.cpp; path = LKEncoder/Base/LKAudioEncoder.cpp; sourceTree = "<group>"; };
		C892B4621E59D59C00556019 /* LKAudioEncoder.h */ = {isa = PBXFileReference; fileEncoding = 4; lastKnownFileType = sourcecode.c.h; name = LKAudioEncoder.h; path = LKEncoder/Base/LKAudioEncoder.h; sourceTree = "<group>"; };
		C892B4631E59D59C00556019 /* LKEncoder.h */ = {isa = PBXFileReference; fileEncoding = 4; lastKnownFileType = sourcecode.c.h; name = LKEncoder.h; path = LKEncoder/Base/LKEncoder.h; sourceTree = "<group>"; };
		C892B4641E59D59C00556019 /* LKVideoEncoder.cpp */ = {isa = PBXFileReference; fileEncoding = 4; lastKnownFileType = sourcecode.cpp.cpp; name = LKVideoEncoder.cpp; path = LKEncoder/Base/LKVideoEncoder.cpp; sourceTree = "<group>"; };
		C892B4651E59D59C00556019 /* LKVideoEncoder.h */ = {isa = PBXFileReference; fileEncoding = 4; lastKnownFileType = sourcecode.c.h; name = LKVideoEncoder.h; path = LKEncoder/Base/LKVideoEncoder.h; sourceTree = "<group>"; };
		C892B4681E59D6A200556019 /* bs_type.h */ = {isa = PBXFileReference; lastKnownFileType = sourcecode.c.h; path = bs_type.h; sourceTree = "<group>"; };
		C892B4691E59D70700556019 /* LKHWAACEncoder.h */ = {isa = PBXFileReference; fileEncoding = 4; lastKnownFileType = sourcecode.c.h; name = LKHWAACEncoder.h; path = LKEncoder/HW/LKHWAACEncoder.h; sourceTree = "<group>"; };
		C892B46A1E59D70700556019 /* LKHWAACEncoder.mm */ = {isa = PBXFileReference; fileEncoding = 4; lastKnownFileType = sourcecode.cpp.objcpp; name = LKHWAACEncoder.mm; path = LKEncoder/HW/LKHWAACEncoder.mm; sourceTree = "<group>"; };
		C892B46B1E59D70700556019 /* LKHWH264Encoder.h */ = {isa = PBXFileReference; fileEncoding = 4; lastKnownFileType = sourcecode.c.h; name = LKHWH264Encoder.h; path = LKEncoder/HW/LKHWH264Encoder.h; sourceTree = "<group>"; };
		C892B46C1E59D70700556019 /* LKHWH264Encoder.mm */ = {isa = PBXFileReference; fileEncoding = 4; lastKnownFileType = sourcecode.cpp.objcpp; name = LKHWH264Encoder.mm; path = LKEncoder/HW/LKHWH264Encoder.mm; sourceTree = "<group>"; };
/* End PBXFileReference section */

/* Begin PBXFrameworksBuildPhase section */
		A4269D541DCE2A1B0010A4EB /* Frameworks */ = {
			isa = PBXFrameworksBuildPhase;
			buildActionMask = 2147483647;
			files = (
				A4269F771DCE2A8E0010A4EB /* librtmp.a in Frameworks */,
				A4269F761DCE2A8D0010A4EB /* libfaac.a in Frameworks */,
				C892B4131E56D86800556019 /* AWMedia.framework in Frameworks */,
				A4269F791DCE2A8E0010A4EB /* libyuv.a in Frameworks */,
				A4269F781DCE2A8E0010A4EB /* libx264.a in Frameworks */,
				C81C5DDC1E5ADB3A002935E3 /* libmp4v2.a in Frameworks */,
			);
			runOnlyForDeploymentPostprocessing = 0;
		};
		C892B4081E56D86800556019 /* Frameworks */ = {
			isa = PBXFrameworksBuildPhase;
			buildActionMask = 2147483647;
			files = (
				C892B41B1E56D9B800556019 /* libyuv.a in Frameworks */,
				C892B4181E56D9AB00556019 /* libfaac.a in Frameworks */,
				C892B4191E56D9B000556019 /* librtmp.a in Frameworks */,
				C892B41A1E56D9B400556019 /* libx264.a in Frameworks */,
				C81C5DDD1E5ADB44002935E3 /* libmp4v2.a in Frameworks */,
			);
			runOnlyForDeploymentPostprocessing = 0;
		};
/* End PBXFrameworksBuildPhase section */

/* Begin PBXGroup section */
		A4269D4E1DCE2A1B0010A4EB = {
			isa = PBXGroup;
			children = (
				A4269DA61DCE2A8C0010A4EB /* clibs */,
				A4269D591DCE2A1B0010A4EB /* AWLive */,
				C892B40D1E56D86800556019 /* AWMedia */,
				A4269D581DCE2A1B0010A4EB /* Products */,
			);
			sourceTree = "<group>";
		};
		A4269D581DCE2A1B0010A4EB /* Products */ = {
			isa = PBXGroup;
			children = (
				A4269D571DCE2A1B0010A4EB /* AWLive.app */,
				C892B40C1E56D86800556019 /* AWMedia.framework */,
			);
			name = Products;
			sourceTree = "<group>";
		};
		A4269D591DCE2A1B0010A4EB /* AWLive */ = {
			isa = PBXGroup;
			children = (
				A461BE371DE826BE00F18219 /* Resources */,
				A4269D711DCE2A390010A4EB /* PushStream */,
				A4269D941DCE2A390010A4EB /* Test */,
				A4269D5D1DCE2A1B0010A4EB /* AppDelegate.h */,
				A4269D5E1DCE2A1B0010A4EB /* AppDelegate.m */,
				A4269D601DCE2A1B0010A4EB /* ViewController.h */,
				A4269D611DCE2A1B0010A4EB /* ViewController.m */,
				A4269D631DCE2A1B0010A4EB /* Main.storyboard */,
				A4269D661DCE2A1B0010A4EB /* Assets.xcassets */,
				A4269D681DCE2A1B0010A4EB /* LaunchScreen.storyboard */,
				A4269D6B1DCE2A1B0010A4EB /* Info.plist */,
				A4269D5A1DCE2A1B0010A4EB /* Supporting Files */,
			);
			path = AWLive;
			sourceTree = "<group>";
		};
		A4269D5A1DCE2A1B0010A4EB /* Supporting Files */ = {
			isa = PBXGroup;
			children = (
				A4269D5B1DCE2A1B0010A4EB /* main.m */,
			);
			name = "Supporting Files";
			sourceTree = "<group>";
		};
		A4269D711DCE2A390010A4EB /* PushStream */ = {
			isa = PBXGroup;
			children = (
				C892B4311E56F29200556019 /* LKEncoder */,
				A4269D721DCE2A390010A4EB /* Capture */,
				A4269D7B1DCE2A390010A4EB /* Encoder */,
			);
			path = PushStream;
			sourceTree = "<group>";
		};
		A4269D721DCE2A390010A4EB /* Capture */ = {
			isa = PBXGroup;
			children = (
				A4269D731DCE2A390010A4EB /* AWAVCapture.h */,
				A4269D741DCE2A390010A4EB /* AWAVCapture.m */,
				A426A0601DCF71660010A4EB /* AWAVCaptureManager.h */,
				A426A0611DCF71660010A4EB /* AWAVCaptureManager.m */,
				A4269D751DCE2A390010A4EB /* AWAVConfig.h */,
				A4269D761DCE2A390010A4EB /* AWAVConfig.m */,
				A4269D791DCE2A390010A4EB /* AWSystemAVCapture.h */,
				A4269D7A1DCE2A390010A4EB /* AWSystemAVCapture.m */,
			);
			path = Capture;
			sourceTree = "<group>";
		};
		A4269D7B1DCE2A390010A4EB /* Encoder */ = {
			isa = PBXGroup;
			children = (
				A4269D7C1DCE2A390010A4EB /* AWEncoderManager.h */,
				A4269D7D1DCE2A390010A4EB /* AWEncoderManager.m */,
				A4269D7E1DCE2A390010A4EB /* Base */,
				A4269D851DCE2A390010A4EB /* HW */,
				A4269D8A1DCE2A390010A4EB /* SW */,
			);
			path = Encoder;
			sourceTree = "<group>";
		};
		A4269D7E1DCE2A390010A4EB /* Base */ = {
			isa = PBXGroup;
			children = (
				A4269D7F1DCE2A390010A4EB /* AWAudioEncoder.h */,
				A4269D801DCE2A390010A4EB /* AWAudioEncoder.m */,
				A4269D811DCE2A390010A4EB /* AWEncoder.h */,
				A4269D821DCE2A390010A4EB /* AWEncoder.m */,
				A4269D831DCE2A390010A4EB /* AWVideoEncoder.h */,
				A4269D841DCE2A390010A4EB /* AWVideoEncoder.m */,
			);
			path = Base;
			sourceTree = "<group>";
		};
		A4269D851DCE2A390010A4EB /* HW */ = {
			isa = PBXGroup;
			children = (
				A4269D861DCE2A390010A4EB /* AWHWAACEncoder.h */,
				A4269D871DCE2A390010A4EB /* AWHWAACEncoder.m */,
				A4269D881DCE2A390010A4EB /* AWHWH264Encoder.h */,
				A4269D891DCE2A390010A4EB /* AWHWH264Encoder.m */,
			);
			path = HW;
			sourceTree = "<group>";
		};
		A4269D8A1DCE2A390010A4EB /* SW */ = {
			isa = PBXGroup;
			children = (
				A4269D8B1DCE2A390010A4EB /* AWSWFaacEncoder.h */,
				A4269D8C1DCE2A390010A4EB /* AWSWFaacEncoder.m */,
				A4269D8D1DCE2A390010A4EB /* AWSWX264Encoder.h */,
				A4269D8E1DCE2A390010A4EB /* AWSWX264Encoder.m */,
			);
			path = SW;
			sourceTree = "<group>";
		};
		A4269D941DCE2A390010A4EB /* Test */ = {
			isa = PBXGroup;
			children = (
				A4269D951DCE2A390010A4EB /* TestAVCapture.h */,
				A4269D961DCE2A390010A4EB /* TestAVCapture.m */,
			);
			path = Test;
			sourceTree = "<group>";
		};
		A4269DA61DCE2A8C0010A4EB /* clibs */ = {
			isa = PBXGroup;
			children = (
				A4269DA71DCE2A8C0010A4EB /* 3th-party */,
				A4269DD41DCE2A8C0010A4EB /* libaw */,
			);
			path = clibs;
			sourceTree = "<group>";
		};
		A4269DA71DCE2A8C0010A4EB /* 3th-party */ = {
			isa = PBXGroup;
			children = (
				C81C5DCA1E5ADAFD002935E3 /* libmp4v2 */,
				A4269DA81DCE2A8C0010A4EB /* libfaac */,
				A4269DAE1DCE2A8C0010A4EB /* librtmp */,
				A4269DB61DCE2A8C0010A4EB /* libx264 */,
				A4269DBC1DCE2A8C0010A4EB /* libyuv */,
			);
			path = "3th-party";
			sourceTree = "<group>";
		};
		A4269DA81DCE2A8C0010A4EB /* libfaac */ = {
			isa = PBXGroup;
			children = (
				A4269DA91DCE2A8C0010A4EB /* include */,
				A4269DAC1DCE2A8C0010A4EB /* lib */,
			);
			path = libfaac;
			sourceTree = "<group>";
		};
		A4269DA91DCE2A8C0010A4EB /* include */ = {
			isa = PBXGroup;
			children = (
				A4269DAA1DCE2A8C0010A4EB /* faac.h */,
				A4269DAB1DCE2A8C0010A4EB /* faaccfg.h */,
			);
			path = include;
			sourceTree = "<group>";
		};
		A4269DAC1DCE2A8C0010A4EB /* lib */ = {
			isa = PBXGroup;
			children = (
				A4269DAD1DCE2A8C0010A4EB /* libfaac.a */,
			);
			path = lib;
			sourceTree = "<group>";
		};
		A4269DAE1DCE2A8C0010A4EB /* librtmp */ = {
			isa = PBXGroup;
			children = (
				A4269DAF1DCE2A8C0010A4EB /* include */,
				A4269DB41DCE2A8C0010A4EB /* lib */,
			);
			path = librtmp;
			sourceTree = "<group>";
		};
		A4269DAF1DCE2A8C0010A4EB /* include */ = {
			isa = PBXGroup;
			children = (
				A4269DB01DCE2A8C0010A4EB /* amf.h */,
				A4269DB11DCE2A8C0010A4EB /* http.h */,
				A4269DB21DCE2A8C0010A4EB /* log.h */,
				A4269DB31DCE2A8C0010A4EB /* rtmp.h */,
			);
			path = include;
			sourceTree = "<group>";
		};
		A4269DB41DCE2A8C0010A4EB /* lib */ = {
			isa = PBXGroup;
			children = (
				A4269DB51DCE2A8C0010A4EB /* librtmp.a */,
			);
			path = lib;
			sourceTree = "<group>";
		};
		A4269DB61DCE2A8C0010A4EB /* libx264 */ = {
			isa = PBXGroup;
			children = (
				A4269DB71DCE2A8C0010A4EB /* include */,
				A4269DBA1DCE2A8C0010A4EB /* lib */,
			);
			path = libx264;
			sourceTree = "<group>";
		};
		A4269DB71DCE2A8C0010A4EB /* include */ = {
			isa = PBXGroup;
			children = (
				A4269DB81DCE2A8C0010A4EB /* x264.h */,
				A4269DB91DCE2A8C0010A4EB /* x264_config.h */,
			);
			path = include;
			sourceTree = "<group>";
		};
		A4269DBA1DCE2A8C0010A4EB /* lib */ = {
			isa = PBXGroup;
			children = (
				A4269DBB1DCE2A8C0010A4EB /* libx264.a */,
			);
			path = lib;
			sourceTree = "<group>";
		};
		A4269DBC1DCE2A8C0010A4EB /* libyuv */ = {
			isa = PBXGroup;
			children = (
				A4269DBD1DCE2A8C0010A4EB /* include */,
				A4269DD21DCE2A8C0010A4EB /* lib */,
			);
			path = libyuv;
			sourceTree = "<group>";
		};
		A4269DBD1DCE2A8C0010A4EB /* include */ = {
			isa = PBXGroup;
			children = (
				A4269DBE1DCE2A8C0010A4EB /* libyuv */,
				A4269DD11DCE2A8C0010A4EB /* libyuv.h */,
			);
			path = include;
			sourceTree = "<group>";
		};
		A4269DBE1DCE2A8C0010A4EB /* libyuv */ = {
			isa = PBXGroup;
			children = (
				A4269DBF1DCE2A8C0010A4EB /* basic_types.h */,
				A4269DC01DCE2A8C0010A4EB /* compare.h */,
				A4269DC11DCE2A8C0010A4EB /* convert.h */,
				A4269DC21DCE2A8C0010A4EB /* convert_argb.h */,
				A4269DC31DCE2A8C0010A4EB /* convert_from.h */,
				A4269DC41DCE2A8C0010A4EB /* convert_from_argb.h */,
				A4269DC51DCE2A8C0010A4EB /* cpu_id.h */,
				A4269DC61DCE2A8C0010A4EB /* format_conversion.h */,
				A4269DC71DCE2A8C0010A4EB /* mjpeg_decoder.h */,
				A4269DC81DCE2A8C0010A4EB /* planar_functions.h */,
				A4269DC91DCE2A8C0010A4EB /* rotate.h */,
				A4269DCA1DCE2A8C0010A4EB /* rotate_argb.h */,
				A4269DCB1DCE2A8C0010A4EB /* row.h */,
				A4269DCC1DCE2A8C0010A4EB /* scale.h */,
				A4269DCD1DCE2A8C0010A4EB /* scale_argb.h */,
				A4269DCE1DCE2A8C0010A4EB /* scale_row.h */,
				A4269DCF1DCE2A8C0010A4EB /* version.h */,
				A4269DD01DCE2A8C0010A4EB /* video_common.h */,
			);
			path = libyuv;
			sourceTree = "<group>";
		};
		A4269DD21DCE2A8C0010A4EB /* lib */ = {
			isa = PBXGroup;
			children = (
				A4269DD31DCE2A8C0010A4EB /* libyuv.a */,
			);
			path = lib;
			sourceTree = "<group>";
		};
		A4269DD41DCE2A8C0010A4EB /* libaw */ = {
			isa = PBXGroup;
			children = (
				A4269DD51DCE2A8C0010A4EB /* aw_all.h */,
				C892B4681E59D6A200556019 /* bs_type.h */,
				A4269DD61DCE2A8C0010A4EB /* common */,
				A4269DE71DCE2A8C0010A4EB /* pushStream */,
			);
			path = libaw;
			sourceTree = "<group>";
		};
		A4269DD61DCE2A8C0010A4EB /* common */ = {
			isa = PBXGroup;
			children = (
				A4269DD71DCE2A8C0010A4EB /* aw_alloc.c */,
				A4269DD81DCE2A8C0010A4EB /* aw_alloc.h */,
				A4269DD91DCE2A8C0010A4EB /* aw_array.c */,
				A4269DDA1DCE2A8C0010A4EB /* aw_array.h */,
				A4269DDB1DCE2A8C0010A4EB /* aw_common.h */,
				A4269DDC1DCE2A8C0010A4EB /* aw_data.c */,
				A4269DDD1DCE2A8C0010A4EB /* aw_data.h */,
				A4269DDE1DCE2A8C0010A4EB /* aw_dict.c */,
				A4269DDF1DCE2A8C0010A4EB /* aw_dict.h */,
				A4269DE01DCE2A8C0010A4EB /* aw_file.c */,
				A4269DE11DCE2A8C0010A4EB /* aw_file.h */,
				A4269DE21DCE2A8C0010A4EB /* aw_rtmp.c */,
				A4269DE31DCE2A8C0010A4EB /* aw_rtmp.h */,
				A4269DE41DCE2A8C0010A4EB /* aw_thread_poll.c */,
				A4269DE51DCE2A8C0010A4EB /* aw_thread_poll.h */,
				A4269DE61DCE2A8C0010A4EB /* aw_utils.h */,
			);
			path = common;
			sourceTree = "<group>";
		};
		A4269DE71DCE2A8C0010A4EB /* pushStream */ = {
			isa = PBXGroup;
			children = (
				A4269DE81DCE2A8C0010A4EB /* encoder */,
				A4269DF11DCE2A8C0010A4EB /* flv */,
				A4269DF41DCE2A8C0010A4EB /* rtmp */,
			);
			path = pushStream;
			sourceTree = "<group>";
		};
		A4269DE81DCE2A8C0010A4EB /* encoder */ = {
			isa = PBXGroup;
			children = (
				A4269DE91DCE2A8C0010A4EB /* aw_faac.c */,
				A4269DEA1DCE2A8C0010A4EB /* aw_faac.h */,
				A4269DEB1DCE2A8C0010A4EB /* aw_sw_faac_encoder.c */,
				A4269DEC1DCE2A8C0010A4EB /* aw_sw_faac_encoder.h */,
				A4269DED1DCE2A8C0010A4EB /* aw_sw_x264_encoder.c */,
				A4269DEE1DCE2A8C0010A4EB /* aw_sw_x264_encoder.h */,
				A4269DEF1DCE2A8C0010A4EB /* aw_x264.c */,
				A4269DF01DCE2A8C0010A4EB /* aw_x264.h */,
			);
			path = encoder;
			sourceTree = "<group>";
		};
		A4269DF11DCE2A8C0010A4EB /* flv */ = {
			isa = PBXGroup;
			children = (
				A4269DF21DCE2A8C0010A4EB /* aw_encode_flv.c */,
				A4269DF31DCE2A8C0010A4EB /* aw_encode_flv.h */,
			);
			path = flv;
			sourceTree = "<group>";
		};
		A4269DF41DCE2A8C0010A4EB /* rtmp */ = {
			isa = PBXGroup;
			children = (
				A4269DF51DCE2A8C0010A4EB /* aw_streamer.c */,
				A4269DF61DCE2A8C0010A4EB /* aw_streamer.h */,
			);
			path = rtmp;
			sourceTree = "<group>";
		};
		A461BE371DE826BE00F18219 /* Resources */ = {
			isa = PBXGroup;
			children = (
				A461BE381DE826D500F18219 /* camera_switch.png */,
			);
			name = Resources;
			sourceTree = "<group>";
		};
		C81C5DCA1E5ADAFD002935E3 /* libmp4v2 */ = {
			isa = PBXGroup;
			children = (
				C81C5DCB1E5ADB15002935E3 /* include */,
				C81C5DCC1E5ADB1C002935E3 /* lib */,
			);
			name = libmp4v2;
			sourceTree = "<group>";
		};
		C81C5DCB1E5ADB15002935E3 /* include */ = {
			isa = PBXGroup;
			children = (
				C81C5DFC1E5ADE6F002935E3 /* mp4v2 */,
			);
			name = include;
			sourceTree = "<group>";
		};
		C81C5DCC1E5ADB1C002935E3 /* lib */ = {
			isa = PBXGroup;
			children = (
				C81C5DDB1E5ADB3A002935E3 /* libmp4v2.a */,
			);
			name = lib;
			sourceTree = "<group>";
		};
		C892B40D1E56D86800556019 /* AWMedia */ = {
			isa = PBXGroup;
			children = (
				C892B40E1E56D86800556019 /* AWMedia.h */,
				C892B40F1E56D86800556019 /* Info.plist */,
			);
			path = AWMedia;
			sourceTree = "<group>";
		};
		C892B4311E56F29200556019 /* LKEncoder */ = {
			isa = PBXGroup;
			children = (
				C892B4321E56F39900556019 /* Base */,
				C892B4331E56F3A200556019 /* HW */,
				C892B4341E56F3A900556019 /* SW */,
			);
			name = LKEncoder;
			sourceTree = "<group>";
		};
		C892B4321E56F39900556019 /* Base */ = {
			isa = PBXGroup;
			children = (
				C81C5DC71E5ACC82002935E3 /* LKMP4Encoder.cpp */,
				C81C5DC81E5ACC82002935E3 /* LKMP4Encoder.h */,
				C892B4611E59D59C00556019 /* LKAudioEncoder.cpp */,
				C892B4621E59D59C00556019 /* LKAudioEncoder.h */,
				C892B4631E59D59C00556019 /* LKEncoder.h */,
				C892B4641E59D59C00556019 /* LKVideoEncoder.cpp */,
				C892B4651E59D59C00556019 /* LKVideoEncoder.h */,
			);
			name = Base;
			sourceTree = "<group>";
		};
		C892B4331E56F3A200556019 /* HW */ = {
			isa = PBXGroup;
			children = (
				C892B4691E59D70700556019 /* LKHWAACEncoder.h */,
				C892B46A1E59D70700556019 /* LKHWAACEncoder.mm */,
				C892B46B1E59D70700556019 /* LKHWH264Encoder.h */,
				C892B46C1E59D70700556019 /* LKHWH264Encoder.mm */,
			);
			name = HW;
			sourceTree = "<group>";
		};
		C892B4341E56F3A900556019 /* SW */ = {
			isa = PBXGroup;
			children = (
			);
			name = SW;
			sourceTree = "<group>";
		};
/* End PBXGroup section */

/* Begin PBXHeadersBuildPhase section */
		C892B4091E56D86800556019 /* Headers */ = {
			isa = PBXHeadersBuildPhase;
			buildActionMask = 2147483647;
			files = (
				C892B4101E56D86800556019 /* AWMedia.h in Headers */,
				C892B4721E59F6AA00556019 /* http.h in Headers */,
				C892B4731E59F6AB00556019 /* log.h in Headers */,
				C892B46F1E59F69F00556019 /* faac.h in Headers */,
				C892B4741E59F6AD00556019 /* rtmp.h in Headers */,
				C892B4711E59F6A300556019 /* amf.h in Headers */,
				C892B4751E59F6B100556019 /* x264.h in Headers */,
				C892B4791E59F6C000556019 /* aw_alloc.h in Headers */,
				C892B4BE1E59FB1700556019 /* bs_type.h in Headers */,
				C81C5DFE1E5ADEDD002935E3 /* mp4v2 in Headers */,
				C892B47B1E59F6C300556019 /* aw_common.h in Headers */,
				C892B47D1E59F6C600556019 /* aw_dict.h in Headers */,
				C892B47E1E59F6C700556019 /* aw_file.h in Headers */,
				C892B47A1E59F6C100556019 /* aw_array.h in Headers */,
				C892B4881E59F6DD00556019 /* LKAudioEncoder.h in Headers */,
				C892B4891E59F6DE00556019 /* LKEncoder.h in Headers */,
				C892B48A1E59F6E000556019 /* LKVideoEncoder.h in Headers */,
				C81C5DED1E5ADE21002935E3 /* LKMP4Encoder.h in Headers */,
				C892B48B1E59F6E200556019 /* LKHWAACEncoder.h in Headers */,
				C892B48C1E59F6E400556019 /* LKHWH264Encoder.h in Headers */,
				C892B4801E59F6CA00556019 /* aw_thread_poll.h in Headers */,
				C892B4811E59F6CB00556019 /* aw_utils.h in Headers */,
				C892B4831E59F6D000556019 /* aw_sw_faac_encoder.h in Headers */,
				C892B4821E59F6CE00556019 /* aw_faac.h in Headers */,
				C892B4861E59F6D500556019 /* aw_encode_flv.h in Headers */,
				C892B4871E59F6D700556019 /* aw_streamer.h in Headers */,
				C892B4841E59F6D100556019 /* aw_sw_x264_encoder.h in Headers */,
				C892B4851E59F6D300556019 /* aw_x264.h in Headers */,
				C892B47F1E59F6C800556019 /* aw_rtmp.h in Headers */,
				C892B47C1E59F6C500556019 /* aw_data.h in Headers */,
				C892B4771E59F6B600556019 /* libyuv.h in Headers */,
				C892B4701E59F6A000556019 /* faaccfg.h in Headers */,
				C892B4781E59F6BD00556019 /* aw_all.h in Headers */,
				C892B4761E59F6B200556019 /* x264_config.h in Headers */,
			);
			runOnlyForDeploymentPostprocessing = 0;
		};
/* End PBXHeadersBuildPhase section */

/* Begin PBXNativeTarget section */
		A4269D561DCE2A1B0010A4EB /* AWLive */ = {
			isa = PBXNativeTarget;
			buildConfigurationList = A4269D6E1DCE2A1B0010A4EB /* Build configuration list for PBXNativeTarget "AWLive" */;
			buildPhases = (
				A4269D531DCE2A1B0010A4EB /* Sources */,
				A4269D541DCE2A1B0010A4EB /* Frameworks */,
				A4269D551DCE2A1B0010A4EB /* Resources */,
				A426A05C1DCE2D400010A4EB /* Embed Frameworks */,
			);
			buildRules = (
			);
			dependencies = (
				C892B4121E56D86800556019 /* PBXTargetDependency */,
			);
			name = AWLive;
			productName = AWLive;
			productReference = A4269D571DCE2A1B0010A4EB /* AWLive.app */;
			productType = "com.apple.product-type.application";
		};
		C892B40B1E56D86800556019 /* AWMedia */ = {
			isa = PBXNativeTarget;
			buildConfigurationList = C892B4151E56D86800556019 /* Build configuration list for PBXNativeTarget "AWMedia" */;
			buildPhases = (
				C892B4071E56D86800556019 /* Sources */,
				C892B4081E56D86800556019 /* Frameworks */,
				C892B4091E56D86800556019 /* Headers */,
				C892B40A1E56D86800556019 /* Resources */,
			);
			buildRules = (
			);
			dependencies = (
			);
			name = AWMedia;
			productName = AWMedia;
			productReference = C892B40C1E56D86800556019 /* AWMedia.framework */;
			productType = "com.apple.product-type.framework";
		};
/* End PBXNativeTarget section */

/* Begin PBXProject section */
		A4269D4F1DCE2A1B0010A4EB /* Project object */ = {
			isa = PBXProject;
			attributes = {
				LastUpgradeCheck = 0810;
				TargetAttributes = {
					A4269D561DCE2A1B0010A4EB = {
						CreatedOnToolsVersion = 8.1;
						DevelopmentTeam = 7C42L52533;
						ProvisioningStyle = Automatic;
					};
					C892B40B1E56D86800556019 = {
						CreatedOnToolsVersion = 8.0;
						ProvisioningStyle = Automatic;
					};
				};
			};
			buildConfigurationList = A4269D521DCE2A1B0010A4EB /* Build configuration list for PBXProject "AWLive" */;
			compatibilityVersion = "Xcode 3.2";
			developmentRegion = English;
			hasScannedForEncodings = 0;
			knownRegions = (
				en,
				Base,
			);
			mainGroup = A4269D4E1DCE2A1B0010A4EB;
			productRefGroup = A4269D581DCE2A1B0010A4EB /* Products */;
			projectDirPath = "";
			projectRoot = "";
			targets = (
				A4269D561DCE2A1B0010A4EB /* AWLive */,
				C892B40B1E56D86800556019 /* AWMedia */,
			);
		};
/* End PBXProject section */

/* Begin PBXResourcesBuildPhase section */
		A4269D551DCE2A1B0010A4EB /* Resources */ = {
			isa = PBXResourcesBuildPhase;
			buildActionMask = 2147483647;
			files = (
				A4269D6A1DCE2A1B0010A4EB /* LaunchScreen.storyboard in Resources */,
				A461BE391DE826D500F18219 /* camera_switch.png in Resources */,
				C81C5DFD1E5ADE6F002935E3 /* mp4v2 in Resources */,
				A4269D671DCE2A1B0010A4EB /* Assets.xcassets in Resources */,
				A4269D651DCE2A1B0010A4EB /* Main.storyboard in Resources */,
			);
			runOnlyForDeploymentPostprocessing = 0;
		};
		C892B40A1E56D86800556019 /* Resources */ = {
			isa = PBXResourcesBuildPhase;
			buildActionMask = 2147483647;
			files = (
			);
			runOnlyForDeploymentPostprocessing = 0;
		};
/* End PBXResourcesBuildPhase section */

/* Begin PBXSourcesBuildPhase section */
		A4269D531DCE2A1B0010A4EB /* Sources */ = {
			isa = PBXSourcesBuildPhase;
			buildActionMask = 2147483647;
			files = (
				A4269F7E1DCE2A8E0010A4EB /* aw_file.c in Sources */,
				A4269D9B1DCE2A390010A4EB /* AWEncoderManager.m in Sources */,
				A4269F7D1DCE2A8E0010A4EB /* aw_dict.c in Sources */,
				A4269F7C1DCE2A8E0010A4EB /* aw_data.c in Sources */,
				A4269F7F1DCE2A8E0010A4EB /* aw_rtmp.c in Sources */,
				A4269D621DCE2A1B0010A4EB /* ViewController.m in Sources */,
				A4269F841DCE2A8E0010A4EB /* aw_x264.c in Sources */,
				C892B46E1E59D70700556019 /* LKHWH264Encoder.mm in Sources */,
				A4269F7A1DCE2A8E0010A4EB /* aw_alloc.c in Sources */,
				A4269D5F1DCE2A1B0010A4EB /* AppDelegate.m in Sources */,
				A4269F831DCE2A8E0010A4EB /* aw_sw_x264_encoder.c in Sources */,
				A4269D5C1DCE2A1B0010A4EB /* main.m in Sources */,
				A4269F7B1DCE2A8E0010A4EB /* aw_array.c in Sources */,
				A4269F811DCE2A8E0010A4EB /* aw_faac.c in Sources */,
				A426A0621DCF71660010A4EB /* AWAVCaptureManager.m in Sources */,
				A4269F801DCE2A8E0010A4EB /* aw_thread_poll.c in Sources */,
				A4269DA01DCE2A390010A4EB /* AWHWH264Encoder.m in Sources */,
				A4269D971DCE2A390010A4EB /* AWAVCapture.m in Sources */,
				A4269D9E1DCE2A390010A4EB /* AWVideoEncoder.m in Sources */,
				A4269DA51DCE2A390010A4EB /* TestAVCapture.m in Sources */,
				A4269D9D1DCE2A390010A4EB /* AWEncoder.m in Sources */,
				C81C5DC91E5ACC82002935E3 /* LKMP4Encoder.cpp in Sources */,
				C892B46D1E59D70700556019 /* LKHWAACEncoder.mm in Sources */,
				A4269D9C1DCE2A390010A4EB /* AWAudioEncoder.m in Sources */,
				A4269DA21DCE2A390010A4EB /* AWSWX264Encoder.m in Sources */,
				A4269DA11DCE2A390010A4EB /* AWSWFaacEncoder.m in Sources */,
				A4269F861DCE2A8E0010A4EB /* aw_streamer.c in Sources */,
				A4269D981DCE2A390010A4EB /* AWAVConfig.m in Sources */,
				C892B4671E59D59C00556019 /* LKVideoEncoder.cpp in Sources */,
				A4269D9A1DCE2A390010A4EB /* AWSystemAVCapture.m in Sources */,
				C892B4661E59D59C00556019 /* LKAudioEncoder.cpp in Sources */,
				A4269F821DCE2A8E0010A4EB /* aw_sw_faac_encoder.c in Sources */,
				A4269F851DCE2A8E0010A4EB /* aw_encode_flv.c in Sources */,
				A4269D9F1DCE2A390010A4EB /* AWHWAACEncoder.m in Sources */,
			);
			runOnlyForDeploymentPostprocessing = 0;
		};
		C892B4071E56D86800556019 /* Sources */ = {
			isa = PBXSourcesBuildPhase;
			buildActionMask = 2147483647;
			files = (
				C892B4281E56D9F400556019 /* aw_streamer.c in Sources */,
				C892B4271E56D9F100556019 /* aw_encode_flv.c in Sources */,
				C892B41C1E56D9D900556019 /* aw_alloc.c in Sources */,
				C892B41D1E56D9D900556019 /* aw_array.c in Sources */,
				C892B41E1E56D9D900556019 /* aw_data.c in Sources */,
				C892B41F1E56D9D900556019 /* aw_dict.c in Sources */,
				C892B4201E56D9D900556019 /* aw_file.c in Sources */,
				C892B4211E56D9D900556019 /* aw_rtmp.c in Sources */,
				C892B4231E56D9E900556019 /* aw_faac.c in Sources */,
				C892B4241E56D9E900556019 /* aw_sw_faac_encoder.c in Sources */,
				C892B4251E56D9E900556019 /* aw_sw_x264_encoder.c in Sources */,
				C892B4261E56D9E900556019 /* aw_x264.c in Sources */,
				C892B4221E56D9D900556019 /* aw_thread_poll.c in Sources */,
				C892B4C01E59FCED00556019 /* LKHWAACEncoder.mm in Sources */,
				C892B4C11E59FCF000556019 /* LKHWH264Encoder.mm in Sources */,
				C892B4C21E59FCF300556019 /* LKVideoEncoder.cpp in Sources */,
				C892B4C31E59FCF600556019 /* LKAudioEncoder.cpp in Sources */,
				C892B4291E56DA5F00556019 /* AWEncoderManager.m in Sources */,
				C892B42A1E56DA6500556019 /* AWAudioEncoder.m in Sources */,
				C892B42B1E56DA6D00556019 /* AWEncoder.m in Sources */,
				C892B42C1E56DA7000556019 /* AWVideoEncoder.m in Sources */,
				C81C5DEC1E5ADE16002935E3 /* LKMP4Encoder.cpp in Sources */,
				C892B42D1E56DA7400556019 /* AWHWAACEncoder.m in Sources */,
				C892B42E1E56DA7600556019 /* AWHWH264Encoder.m in Sources */,
				C892B42F1E56DA7A00556019 /* AWSWFaacEncoder.m in Sources */,
				C892B4301E56DA7C00556019 /* AWSWX264Encoder.m in Sources */,
			);
			runOnlyForDeploymentPostprocessing = 0;
		};
/* End PBXSourcesBuildPhase section */

/* Begin PBXTargetDependency section */
		C892B4121E56D86800556019 /* PBXTargetDependency */ = {
			isa = PBXTargetDependency;
			target = C892B40B1E56D86800556019 /* AWMedia */;
			targetProxy = C892B4111E56D86800556019 /* PBXContainerItemProxy */;
		};
/* End PBXTargetDependency section */

/* Begin PBXVariantGroup section */
		A4269D631DCE2A1B0010A4EB /* Main.storyboard */ = {
			isa = PBXVariantGroup;
			children = (
				A4269D641DCE2A1B0010A4EB /* Base */,
			);
			name = Main.storyboard;
			sourceTree = "<group>";
		};
		A4269D681DCE2A1B0010A4EB /* LaunchScreen.storyboard */ = {
			isa = PBXVariantGroup;
			children = (
				A4269D691DCE2A1B0010A4EB /* Base */,
			);
			name = LaunchScreen.storyboard;
			sourceTree = "<group>";
		};
/* End PBXVariantGroup section */

/* Begin XCBuildConfiguration section */
		A4269D6C1DCE2A1B0010A4EB /* Debug */ = {
			isa = XCBuildConfiguration;
			buildSettings = {
				ALWAYS_SEARCH_USER_PATHS = NO;
				CLANG_ANALYZER_NONNULL = YES;
				CLANG_CXX_LANGUAGE_STANDARD = "gnu++0x";
				CLANG_CXX_LIBRARY = "libc++";
				CLANG_ENABLE_MODULES = YES;
				CLANG_ENABLE_OBJC_ARC = YES;
				CLANG_WARN_BOOL_CONVERSION = YES;
				CLANG_WARN_CONSTANT_CONVERSION = YES;
				CLANG_WARN_DIRECT_OBJC_ISA_USAGE = YES_ERROR;
				CLANG_WARN_DOCUMENTATION_COMMENTS = YES;
				CLANG_WARN_EMPTY_BODY = YES;
				CLANG_WARN_ENUM_CONVERSION = YES;
				CLANG_WARN_INFINITE_RECURSION = YES;
				CLANG_WARN_INT_CONVERSION = YES;
				CLANG_WARN_OBJC_ROOT_CLASS = YES_ERROR;
				CLANG_WARN_SUSPICIOUS_MOVES = YES;
				CLANG_WARN_UNREACHABLE_CODE = YES;
				CLANG_WARN__DUPLICATE_METHOD_MATCH = YES;
				"CODE_SIGN_IDENTITY[sdk=iphoneos*]" = "iPhone Developer";
				COPY_PHASE_STRIP = NO;
				DEBUG_INFORMATION_FORMAT = dwarf;
				ENABLE_BITCODE = NO;
				ENABLE_STRICT_OBJC_MSGSEND = YES;
				ENABLE_TESTABILITY = YES;
				GCC_C_LANGUAGE_STANDARD = gnu99;
				GCC_DYNAMIC_NO_PIC = NO;
				GCC_NO_COMMON_BLOCKS = YES;
				GCC_OPTIMIZATION_LEVEL = 0;
				GCC_PREPROCESSOR_DEFINITIONS = (
					"DEBUG=1",
					"$(inherited)",
				);
				GCC_WARN_64_TO_32_BIT_CONVERSION = YES;
				GCC_WARN_ABOUT_RETURN_TYPE = YES_ERROR;
				GCC_WARN_UNDECLARED_SELECTOR = YES;
				GCC_WARN_UNINITIALIZED_AUTOS = YES_AGGRESSIVE;
				GCC_WARN_UNUSED_FUNCTION = YES;
				GCC_WARN_UNUSED_VARIABLE = YES;
				IPHONEOS_DEPLOYMENT_TARGET = 10.1;
				MTL_ENABLE_DEBUG_INFO = YES;
				ONLY_ACTIVE_ARCH = NO;
				SDKROOT = iphoneos;
				TARGETED_DEVICE_FAMILY = "1,2";
			};
			name = Debug;
		};
		A4269D6D1DCE2A1B0010A4EB /* Release */ = {
			isa = XCBuildConfiguration;
			buildSettings = {
				ALWAYS_SEARCH_USER_PATHS = NO;
				CLANG_ANALYZER_NONNULL = YES;
				CLANG_CXX_LANGUAGE_STANDARD = "gnu++0x";
				CLANG_CXX_LIBRARY = "libc++";
				CLANG_ENABLE_MODULES = YES;
				CLANG_ENABLE_OBJC_ARC = YES;
				CLANG_WARN_BOOL_CONVERSION = YES;
				CLANG_WARN_CONSTANT_CONVERSION = YES;
				CLANG_WARN_DIRECT_OBJC_ISA_USAGE = YES_ERROR;
				CLANG_WARN_DOCUMENTATION_COMMENTS = YES;
				CLANG_WARN_EMPTY_BODY = YES;
				CLANG_WARN_ENUM_CONVERSION = YES;
				CLANG_WARN_INFINITE_RECURSION = YES;
				CLANG_WARN_INT_CONVERSION = YES;
				CLANG_WARN_OBJC_ROOT_CLASS = YES_ERROR;
				CLANG_WARN_SUSPICIOUS_MOVES = YES;
				CLANG_WARN_UNREACHABLE_CODE = YES;
				CLANG_WARN__DUPLICATE_METHOD_MATCH = YES;
				"CODE_SIGN_IDENTITY[sdk=iphoneos*]" = "iPhone Developer";
				COPY_PHASE_STRIP = NO;
				DEBUG_INFORMATION_FORMAT = "dwarf-with-dsym";
				ENABLE_BITCODE = NO;
				ENABLE_NS_ASSERTIONS = NO;
				ENABLE_STRICT_OBJC_MSGSEND = YES;
				GCC_C_LANGUAGE_STANDARD = gnu99;
				GCC_NO_COMMON_BLOCKS = YES;
				GCC_WARN_64_TO_32_BIT_CONVERSION = YES;
				GCC_WARN_ABOUT_RETURN_TYPE = YES_ERROR;
				GCC_WARN_UNDECLARED_SELECTOR = YES;
				GCC_WARN_UNINITIALIZED_AUTOS = YES_AGGRESSIVE;
				GCC_WARN_UNUSED_FUNCTION = YES;
				GCC_WARN_UNUSED_VARIABLE = YES;
				IPHONEOS_DEPLOYMENT_TARGET = 10.1;
				MTL_ENABLE_DEBUG_INFO = NO;
				SDKROOT = iphoneos;
				TARGETED_DEVICE_FAMILY = "1,2";
				VALIDATE_PRODUCT = YES;
			};
			name = Release;
		};
		A4269D6F1DCE2A1B0010A4EB /* Debug */ = {
			isa = XCBuildConfiguration;
			buildSettings = {
				ASSETCATALOG_COMPILER_APPICON_NAME = AppIcon;
				"CODE_SIGN_IDENTITY[sdk=iphoneos*]" = "iPhone Developer";
				DEVELOPMENT_TEAM = 7C42L52533;
				ENABLE_BITCODE = NO;
				GCC_PREPROCESSOR_DEFINITIONS = (
					"$(inherited)",
					__IOS__,
				);
				HEADER_SEARCH_PATHS = "$(PROJECT_DIR)/clibs/3th-party/libyuv/include";
				INFOPLIST_FILE = AWLive/Info.plist;
				IPHONEOS_DEPLOYMENT_TARGET = 8.0;
				LD_RUNPATH_SEARCH_PATHS = "$(inherited) @executable_path/Frameworks";
				LIBRARY_SEARCH_PATHS = (
					"$(inherited)",
					"$(PROJECT_DIR)/clibs/3th-party/libfaac/lib",
					"$(PROJECT_DIR)/clibs/3th-party/librtmp/lib",
					"$(PROJECT_DIR)/clibs/3th-party/libx264/lib",
					"$(PROJECT_DIR)/clibs/3th-party/libyuv/lib",
					"$(PROJECT_DIR)/clibs/3th-party/libmp4v2/lib",
				);
				PRODUCT_BUNDLE_IDENTIFIER = com.AWLive;
				PRODUCT_NAME = "$(TARGET_NAME)";
				TARGETED_DEVICE_FAMILY = "1,2";
			};
			name = Debug;
		};
		A4269D701DCE2A1B0010A4EB /* Release */ = {
			isa = XCBuildConfiguration;
			buildSettings = {
				ASSETCATALOG_COMPILER_APPICON_NAME = AppIcon;
				"CODE_SIGN_IDENTITY[sdk=iphoneos*]" = "iPhone Developer";
				DEVELOPMENT_TEAM = 7C42L52533;
				ENABLE_BITCODE = NO;
				GCC_PREPROCESSOR_DEFINITIONS = __IOS__;
				HEADER_SEARCH_PATHS = "$(PROJECT_DIR)/clibs/3th-party/libyuv/include";
				INFOPLIST_FILE = AWLive/Info.plist;
				IPHONEOS_DEPLOYMENT_TARGET = 8.0;
				LD_RUNPATH_SEARCH_PATHS = "$(inherited) @executable_path/Frameworks";
				LIBRARY_SEARCH_PATHS = (
					"$(inherited)",
					"$(PROJECT_DIR)/clibs/3th-party/libfaac/lib",
					"$(PROJECT_DIR)/clibs/3th-party/librtmp/lib",
					"$(PROJECT_DIR)/clibs/3th-party/libx264/lib",
					"$(PROJECT_DIR)/clibs/3th-party/libyuv/lib",
					"$(PROJECT_DIR)/clibs/3th-party/libmp4v2/lib",
				);
				PRODUCT_BUNDLE_IDENTIFIER = com.AWLive;
				PRODUCT_NAME = "$(TARGET_NAME)";
				TARGETED_DEVICE_FAMILY = "1,2";
			};
			name = Release;
		};
		C892B4161E56D86800556019 /* Debug */ = {
			isa = XCBuildConfiguration;
			buildSettings = {
				CODE_SIGN_IDENTITY = "";
				CURRENT_PROJECT_VERSION = 1;
				DEFINES_MODULE = YES;
				DEVELOPMENT_TEAM = "";
				DYLIB_COMPATIBILITY_VERSION = 1;
				DYLIB_CURRENT_VERSION = 1;
				DYLIB_INSTALL_NAME_BASE = "@rpath";
				ENABLE_BITCODE = NO;
				GCC_PREPROCESSOR_DEFINITIONS = (
					"DEBUG=1",
					"$(inherited)",
					__IOS__,
				);
				HEADER_SEARCH_PATHS = (
					"$(PROJECT_DIR)/clibs/3th-party/libyuv/include",
					"$(PROJECT_DIR)/clibs/3th-party/libmp4v2/include",
				);
				INFOPLIST_FILE = AWMedia/Info.plist;
				INSTALL_PATH = "$(LOCAL_LIBRARY_DIR)/Frameworks";
				IPHONEOS_DEPLOYMENT_TARGET = 8.0;
				LD_RUNPATH_SEARCH_PATHS = "$(inherited) @executable_path/Frameworks @loader_path/Frameworks";
				LIBRARY_SEARCH_PATHS = (
					"$(inherited)",
					"$(PROJECT_DIR)/clibs/3th-party/libfaac/lib",
					"$(PROJECT_DIR)/clibs/3th-party/librtmp/lib",
					"$(PROJECT_DIR)/clibs/3th-party/libx264/lib",
					"$(PROJECT_DIR)/clibs/3th-party/libyuv/lib",
					"$(PROJECT_DIR)/clibs/3th-party/libmp4v2/lib",
				);
				PRODUCT_BUNDLE_IDENTIFIER = com.rex.AWMedia;
				PRODUCT_NAME = "$(TARGET_NAME)";
				SKIP_INSTALL = YES;
				VERSIONING_SYSTEM = "apple-generic";
				VERSION_INFO_PREFIX = "";
			};
			name = Debug;
		};
		C892B4171E56D86800556019 /* Release */ = {
			isa = XCBuildConfiguration;
			buildSettings = {
				CODE_SIGN_IDENTITY = "";
				CURRENT_PROJECT_VERSION = 1;
				DEFINES_MODULE = YES;
				DEVELOPMENT_TEAM = "";
				DYLIB_COMPATIBILITY_VERSION = 1;
				DYLIB_CURRENT_VERSION = 1;
				DYLIB_INSTALL_NAME_BASE = "@rpath";
				ENABLE_BITCODE = NO;
				GCC_PREPROCESSOR_DEFINITIONS = __IOS__;
				HEADER_SEARCH_PATHS = (
					"$(PROJECT_DIR)/clibs/3th-party/libyuv/include",
					"$(PROJECT_DIR)/clibs/3th-party/libmp4v2/include",
				);
				INFOPLIST_FILE = AWMedia/Info.plist;
				INSTALL_PATH = "$(LOCAL_LIBRARY_DIR)/Frameworks";
				IPHONEOS_DEPLOYMENT_TARGET = 8.0;
				LD_RUNPATH_SEARCH_PATHS = "$(inherited) @executable_path/Frameworks @loader_path/Frameworks";
				LIBRARY_SEARCH_PATHS = (
					"$(inherited)",
					"$(PROJECT_DIR)/clibs/3th-party/libfaac/lib",
					"$(PROJECT_DIR)/clibs/3th-party/librtmp/lib",
					"$(PROJECT_DIR)/clibs/3th-party/libx264/lib",
					"$(PROJECT_DIR)/clibs/3th-party/libyuv/lib",
					"$(PROJECT_DIR)/clibs/3th-party/libmp4v2/lib",
				);
				PRODUCT_BUNDLE_IDENTIFIER = com.rex.AWMedia;
				PRODUCT_NAME = "$(TARGET_NAME)";
				SKIP_INSTALL = YES;
				VERSIONING_SYSTEM = "apple-generic";
				VERSION_INFO_PREFIX = "";
			};
			name = Release;
		};
/* End XCBuildConfiguration section */

/* Begin XCConfigurationList section */
		A4269D521DCE2A1B0010A4EB /* Build configuration list for PBXProject "AWLive" */ = {
			isa = XCConfigurationList;
			buildConfigurations = (
				A4269D6C1DCE2A1B0010A4EB /* Debug */,
				A4269D6D1DCE2A1B0010A4EB /* Release */,
			);
			defaultConfigurationIsVisible = 0;
			defaultConfigurationName = Release;
		};
		A4269D6E1DCE2A1B0010A4EB /* Build configuration list for PBXNativeTarget "AWLive" */ = {
			isa = XCConfigurationList;
			buildConfigurations = (
				A4269D6F1DCE2A1B0010A4EB /* Debug */,
				A4269D701DCE2A1B0010A4EB /* Release */,
			);
			defaultConfigurationIsVisible = 0;
			defaultConfigurationName = Release;
		};
		C892B4151E56D86800556019 /* Build configuration list for PBXNativeTarget "AWMedia" */ = {
			isa = XCConfigurationList;
			buildConfigurations = (
				C892B4161E56D86800556019 /* Debug */,
				C892B4171E56D86800556019 /* Release */,
			);
			defaultConfigurationIsVisible = 0;
			defaultConfigurationName = Release;
		};
/* End XCConfigurationList section */
	};
	rootObject = A4269D4F1DCE2A1B0010A4EB /* Project object */;
}
